
Microsoft Visual Studio Solution File, Format Version 12.00
# Visual Studio Version 18
VisualStudioVersion = 18.4.11626.88
MinimumVisualStudioVersion = 10.0.40219.1
Project("{FAE04EC0-301F-11D3-BF4B-00C04F79EFBC}") = "ProjectDataLib", "ProjectDataLib\ProjectDataLib.csproj", "{1A027E74-BD51-4D28-B5B4-6CD9BFD60D72}"
EndProject
Project("{2150E333-8FDC-42A3-9474-1A3956D46DE8}") = "Version", "Version", "{DD8BD053-F2F6-4F07-8DE1-5F43CE0CD954}"
	ProjectSection(SolutionItems) = preProject
		version.xml = version.xml
	EndProjectSection
EndProject
Project("{2150E333-8FDC-42A3-9474-1A3956D46DE8}") = "Template", "Template", "{3076FA66-1BC1-44EA-8E80-2012302FB4BC}"
	ProjectSection(SolutionItems) = preProject
		Template\Script.cs = Template\Script.cs
	EndProjectSection
EndProject
Project("{FAE04EC0-301F-11D3-BF4B-00C04F79EFBC}") = "ModbusMasterASCII", "ModbusMasterASCII\ModbusMasterASCII.csproj", "{40036F06-3EF8-47E3-9531-61FC48CBE0C7}"
EndProject
Project("{FAE04EC0-301F-11D3-BF4B-00C04F79EFBC}") = "ModbusMasterRTU", "ModbusMasterRTU\ModbusMasterRTU.csproj", "{CBE9FEB8-3E68-4C13-AD8F-5FC27320C8F4}"
EndProject
Project("{FAE04EC0-301F-11D3-BF4B-00C04F79EFBC}") = "ModbusMasterTCP", "ModbusMasterTCP\ModbusMasterTCP.csproj", "{E82917A9-1CA6-4239-923F-22F2C3353B69}"
EndProject
Project("{FAE04EC0-301F-11D3-BF4B-00C04F79EFBC}") = "S7-300-400 Ethernet", "S7-300-400 Ethernet\S7-300-400 Ethernet.csproj", "{BA507B12-8562-40EB-9EBB-A3FC4723F175}"
EndProject
Project("{FAE04EC0-301F-11D3-BF4B-00C04F79EFBC}") = "FenixModbusS7", "FenixModbusS7\FenixModbusS7.csproj", "{82C72FC5-FED5-C6E9-30F8-8B99A363A883}"
EndProject
Project("{840C416C-B8F3-42BC-B0DD-F6BB14C9F8CB}") = "FenixModbusS7Setup", "FenixModbusS7Setup\FenixModbusS7Setup.aiproj", "{48CB7E62-F8D7-42E4-A236-31AFC024CF0F}"
EndProject
Project("{FAE04EC0-301F-11D3-BF4B-00C04F79EFBC}") = "ProjectDataLib.Test", "ProjectDataLib.Test\ProjectDataLib.Test.csproj", "{7A6D3F7C-1181-4ABC-AB54-60F320613907}"
EndProject
Global
	GlobalSection(SolutionConfigurationPlatforms) = preSolution
		All|Any CPU = All|Any CPU
		All|ARM64 = All|ARM64
		All|Mixed Platforms = All|Mixed Platforms
		All|Net35 = All|Net35
		All|Net40 = All|Net40
		All|WithNRefactory = All|WithNRefactory
		All|x64 = All|x64
		All|x86 = All|x86
		Debug|Any CPU = Debug|Any CPU
		Debug|ARM64 = Debug|ARM64
		Debug|Mixed Platforms = Debug|Mixed Platforms
		Debug|Net35 = Debug|Net35
		Debug|Net40 = Debug|Net40
		Debug|WithNRefactory = Debug|WithNRefactory
		Debug|x64 = Debug|x64
		Debug|x86 = Debug|x86
		DefaultBuild|Any CPU = DefaultBuild|Any CPU
		DefaultBuild|ARM64 = DefaultBuild|ARM64
		DefaultBuild|Mixed Platforms = DefaultBuild|Mixed Platforms
		DefaultBuild|Net35 = DefaultBuild|Net35
		DefaultBuild|Net40 = DefaultBuild|Net40
		DefaultBuild|WithNRefactory = DefaultBuild|WithNRefactory
		DefaultBuild|x64 = DefaultBuild|x64
		DefaultBuild|x86 = DefaultBuild|x86
		Release|Any CPU = Release|Any CPU
		Release|ARM64 = Release|ARM64
		Release|Mixed Platforms = Release|Mixed Platforms
		Release|Net35 = Release|Net35
		Release|Net40 = Release|Net40
		Release|WithNRefactory = Release|WithNRefactory
		Release|x64 = Release|x64
		Release|x86 = Release|x86
	EndGlobalSection
	GlobalSection(ProjectConfigurationPlatforms) = postSolution
		{1A027E74-BD51-4D28-B5B4-6CD9BFD60D72}.All|Any CPU.ActiveCfg = Release|Any CPU
		{1A027E74-BD51-4D28-B5B4-6CD9BFD60D72}.All|Any CPU.Build.0 = Release|Any CPU
		{1A027E74-BD51-4D28-B5B4-6CD9BFD60D72}.All|ARM64.ActiveCfg = Release|Any CPU
		{1A027E74-BD51-4D28-B5B4-6CD9BFD60D72}.All|ARM64.Build.0 = Release|Any CPU
		{1A027E74-BD51-4D28-B5B4-6CD9BFD60D72}.All|Mixed Platforms.ActiveCfg = Release|Any CPU
		{1A027E74-BD51-4D28-B5B4-6CD9BFD60D72}.All|Mixed Platforms.Build.0 = Release|Any CPU
		{1A027E74-BD51-4D28-B5B4-6CD9BFD60D72}.All|Net35.ActiveCfg = Release|Any CPU
		{1A027E74-BD51-4D28-B5B4-6CD9BFD60D72}.All|Net35.Build.0 = Release|Any CPU
		{1A027E74-BD51-4D28-B5B4-6CD9BFD60D72}.All|Net40.ActiveCfg = Release|Any CPU
		{1A027E74-BD51-4D28-B5B4-6CD9BFD60D72}.All|Net40.Build.0 = Release|Any CPU
		{1A027E74-BD51-4D28-B5B4-6CD9BFD60D72}.All|WithNRefactory.ActiveCfg = Release|Any CPU
		{1A027E74-BD51-4D28-B5B4-6CD9BFD60D72}.All|WithNRefactory.Build.0 = Release|Any CPU
		{1A027E74-BD51-4D28-B5B4-6CD9BFD60D72}.All|x64.ActiveCfg = Release|Any CPU
		{1A027E74-BD51-4D28-B5B4-6CD9BFD60D72}.All|x64.Build.0 = Release|Any CPU
		{1A027E74-BD51-4D28-B5B4-6CD9BFD60D72}.All|x86.ActiveCfg = Release|Any CPU
		{1A027E74-BD51-4D28-B5B4-6CD9BFD60D72}.All|x86.Build.0 = Release|Any CPU
		{1A027E74-BD51-4D28-B5B4-6CD9BFD60D72}.Debug|Any CPU.ActiveCfg = Debug|Any CPU
		{1A027E74-BD51-4D28-B5B4-6CD9BFD60D72}.Debug|Any CPU.Build.0 = Debug|Any CPU
		{1A027E74-BD51-4D28-B5B4-6CD9BFD60D72}.Debug|ARM64.ActiveCfg = Debug|Any CPU
		{1A027E74-BD51-4D28-B5B4-6CD9BFD60D72}.Debug|ARM64.Build.0 = Debug|Any CPU
		{1A027E74-BD51-4D28-B5B4-6CD9BFD60D72}.Debug|Mixed Platforms.ActiveCfg = Debug|Any CPU
		{1A027E74-BD51-4D28-B5B4-6CD9BFD60D72}.Debug|Mixed Platforms.Build.0 = Debug|Any CPU
		{1A027E74-BD51-4D28-B5B4-6CD9BFD60D72}.Debug|Net35.ActiveCfg = Debug|Any CPU
		{1A027E74-BD51-4D28-B5B4-6CD9BFD60D72}.Debug|Net40.ActiveCfg = Debug|Any CPU
		{1A027E74-BD51-4D28-B5B4-6CD9BFD60D72}.Debug|WithNRefactory.ActiveCfg = Debug|Any CPU
		{1A027E74-BD51-4D28-B5B4-6CD9BFD60D72}.Debug|x64.ActiveCfg = Debug|Any CPU
		{1A027E74-BD51-4D28-B5B4-6CD9BFD60D72}.Debug|x64.Build.0 = Debug|Any CPU
		{1A027E74-BD51-4D28-B5B4-6CD9BFD60D72}.Debug|x86.ActiveCfg = Debug|Any CPU
		{1A027E74-BD51-4D28-B5B4-6CD9BFD60D72}.DefaultBuild|Any CPU.ActiveCfg = All|Any CPU
		{1A027E74-BD51-4D28-B5B4-6CD9BFD60D72}.DefaultBuild|Any CPU.Build.0 = All|Any CPU
		{1A027E74-BD51-4D28-B5B4-6CD9BFD60D72}.DefaultBuild|ARM64.ActiveCfg = All|Any CPU
		{1A027E74-BD51-4D28-B5B4-6CD9BFD60D72}.DefaultBuild|ARM64.Build.0 = All|Any CPU
		{1A027E74-BD51-4D28-B5B4-6CD9BFD60D72}.DefaultBuild|Mixed Platforms.ActiveCfg = All|Any CPU
		{1A027E74-BD51-4D28-B5B4-6CD9BFD60D72}.DefaultBuild|Mixed Platforms.Build.0 = All|Any CPU
		{1A027E74-BD51-4D28-B5B4-6CD9BFD60D72}.DefaultBuild|Net35.ActiveCfg = All|Any CPU
		{1A027E74-BD51-4D28-B5B4-6CD9BFD60D72}.DefaultBuild|Net35.Build.0 = All|Any CPU
		{1A027E74-BD51-4D28-B5B4-6CD9BFD60D72}.DefaultBuild|Net40.ActiveCfg = All|Any CPU
		{1A027E74-BD51-4D28-B5B4-6CD9BFD60D72}.DefaultBuild|Net40.Build.0 = All|Any CPU
		{1A027E74-BD51-4D28-B5B4-6CD9BFD60D72}.DefaultBuild|WithNRefactory.ActiveCfg = All|Any CPU
		{1A027E74-BD51-4D28-B5B4-6CD9BFD60D72}.DefaultBuild|WithNRefactory.Build.0 = All|Any CPU
		{1A027E74-BD51-4D28-B5B4-6CD9BFD60D72}.DefaultBuild|x64.ActiveCfg = All|Any CPU
		{1A027E74-BD51-4D28-B5B4-6CD9BFD60D72}.DefaultBuild|x64.Build.0 = All|Any CPU
		{1A027E74-BD51-4D28-B5B4-6CD9BFD60D72}.DefaultBuild|x86.ActiveCfg = All|Any CPU
		{1A027E74-BD51-4D28-B5B4-6CD9BFD60D72}.DefaultBuild|x86.Build.0 = All|Any CPU
		{1A027E74-BD51-4D28-B5B4-6CD9BFD60D72}.Release|Any CPU.ActiveCfg = Release|Any CPU
		{1A027E74-BD51-4D28-B5B4-6CD9BFD60D72}.Release|Any CPU.Build.0 = Release|Any CPU
		{1A027E74-BD51-4D28-B5B4-6CD9BFD60D72}.Release|ARM64.ActiveCfg = Release|Any CPU
		{1A027E74-BD51-4D28-B5B4-6CD9BFD60D72}.Release|ARM64.Build.0 = Release|Any CPU
		{1A027E74-BD51-4D28-B5B4-6CD9BFD60D72}.Release|Mixed Platforms.ActiveCfg = Release|Any CPU
		{1A027E74-BD51-4D28-B5B4-6CD9BFD60D72}.Release|Mixed Platforms.Build.0 = Release|Any CPU
		{1A027E74-BD51-4D28-B5B4-6CD9BFD60D72}.Release|Net35.ActiveCfg = Release|Any CPU
		{1A027E74-BD51-4D28-B5B4-6CD9BFD60D72}.Release|Net40.ActiveCfg = Release|Any CPU
		{1A027E74-BD51-4D28-B5B4-6CD9BFD60D72}.Release|WithNRefactory.ActiveCfg = Release|Any CPU
		{1A027E74-BD51-4D28-B5B4-6CD9BFD60D72}.Release|x64.ActiveCfg = Release|Any CPU
		{1A027E74-BD51-4D28-B5B4-6CD9BFD60D72}.Release|x64.Build.0 = Release|Any CPU
		{1A027E74-BD51-4D28-B5B4-6CD9BFD60D72}.Release|x86.ActiveCfg = Release|Any CPU
		{40036F06-3EF8-47E3-9531-61FC48CBE0C7}.All|Any CPU.ActiveCfg = Release|Any CPU
		{40036F06-3EF8-47E3-9531-61FC48CBE0C7}.All|Any CPU.Build.0 = Release|Any CPU
		{40036F06-3EF8-47E3-9531-61FC48CBE0C7}.All|ARM64.ActiveCfg = Release|Any CPU
		{40036F06-3EF8-47E3-9531-61FC48CBE0C7}.All|ARM64.Build.0 = Release|Any CPU
		{40036F06-3EF8-47E3-9531-61FC48CBE0C7}.All|Mixed Platforms.ActiveCfg = Release|Any CPU
		{40036F06-3EF8-47E3-9531-61FC48CBE0C7}.All|Mixed Platforms.Build.0 = Release|Any CPU
		{40036F06-3EF8-47E3-9531-61FC48CBE0C7}.All|Net35.ActiveCfg = Release|Any CPU
		{40036F06-3EF8-47E3-9531-61FC48CBE0C7}.All|Net35.Build.0 = Release|Any CPU
		{40036F06-3EF8-47E3-9531-61FC48CBE0C7}.All|Net40.ActiveCfg = Release|Any CPU
		{40036F06-3EF8-47E3-9531-61FC48CBE0C7}.All|Net40.Build.0 = Release|Any CPU
		{40036F06-3EF8-47E3-9531-61FC48CBE0C7}.All|WithNRefactory.ActiveCfg = Release|Any CPU
		{40036F06-3EF8-47E3-9531-61FC48CBE0C7}.All|WithNRefactory.Build.0 = Release|Any CPU
		{40036F06-3EF8-47E3-9531-61FC48CBE0C7}.All|x64.ActiveCfg = Release|Any CPU
		{40036F06-3EF8-47E3-9531-61FC48CBE0C7}.All|x64.Build.0 = Release|Any CPU
		{40036F06-3EF8-47E3-9531-61FC48CBE0C7}.All|x86.ActiveCfg = Release|Any CPU
		{40036F06-3EF8-47E3-9531-61FC48CBE0C7}.All|x86.Build.0 = Release|Any CPU
		{40036F06-3EF8-47E3-9531-61FC48CBE0C7}.Debug|Any CPU.ActiveCfg = Debug|Any CPU
		{40036F06-3EF8-47E3-9531-61FC48CBE0C7}.Debug|Any CPU.Build.0 = Debug|Any CPU
		{40036F06-3EF8-47E3-9531-61FC48CBE0C7}.Debug|ARM64.ActiveCfg = Debug|Any CPU
		{40036F06-3EF8-47E3-9531-61FC48CBE0C7}.Debug|ARM64.Build.0 = Debug|Any CPU
		{40036F06-3EF8-47E3-9531-61FC48CBE0C7}.Debug|Mixed Platforms.ActiveCfg = Debug|Any CPU
		{40036F06-3EF8-47E3-9531-61FC48CBE0C7}.Debug|Mixed Platforms.Build.0 = Debug|Any CPU
		{40036F06-3EF8-47E3-9531-61FC48CBE0C7}.Debug|Net35.ActiveCfg = Debug|Any CPU
		{40036F06-3EF8-47E3-9531-61FC48CBE0C7}.Debug|Net35.Build.0 = Debug|Any CPU
		{40036F06-3EF8-47E3-9531-61FC48CBE0C7}.Debug|Net40.ActiveCfg = Debug|Any CPU
		{40036F06-3EF8-47E3-9531-61FC48CBE0C7}.Debug|Net40.Build.0 = Debug|Any CPU
		{40036F06-3EF8-47E3-9531-61FC48CBE0C7}.Debug|WithNRefactory.ActiveCfg = Debug|Any CPU
		{40036F06-3EF8-47E3-9531-61FC48CBE0C7}.Debug|WithNRefactory.Build.0 = Debug|Any CPU
		{40036F06-3EF8-47E3-9531-61FC48CBE0C7}.Debug|x64.ActiveCfg = Debug|Any CPU
		{40036F06-3EF8-47E3-9531-61FC48CBE0C7}.Debug|x64.Build.0 = Debug|Any CPU
		{40036F06-3EF8-47E3-9531-61FC48CBE0C7}.Debug|x86.ActiveCfg = Debug|Any CPU
		{40036F06-3EF8-47E3-9531-61FC48CBE0C7}.Debug|x86.Build.0 = Debug|Any CPU
		{40036F06-3EF8-47E3-9531-61FC48CBE0C7}.DefaultBuild|Any CPU.ActiveCfg = All|Any CPU
		{40036F06-3EF8-47E3-9531-61FC48CBE0C7}.DefaultBuild|Any CPU.Build.0 = All|Any CPU
		{40036F06-3EF8-47E3-9531-61FC48CBE0C7}.DefaultBuild|ARM64.ActiveCfg = All|Any CPU
		{40036F06-3EF8-47E3-9531-61FC48CBE0C7}.DefaultBuild|ARM64.Build.0 = All|Any CPU
		{40036F06-3EF8-47E3-9531-61FC48CBE0C7}.DefaultBuild|Mixed Platforms.ActiveCfg = All|Any CPU
		{40036F06-3EF8-47E3-9531-61FC48CBE0C7}.DefaultBuild|Mixed Platforms.Build.0 = All|Any CPU
		{40036F06-3EF8-47E3-9531-61FC48CBE0C7}.DefaultBuild|Net35.ActiveCfg = All|Any CPU
		{40036F06-3EF8-47E3-9531-61FC48CBE0C7}.DefaultBuild|Net35.Build.0 = All|Any CPU
		{40036F06-3EF8-47E3-9531-61FC48CBE0C7}.DefaultBuild|Net40.ActiveCfg = All|Any CPU
		{40036F06-3EF8-47E3-9531-61FC48CBE0C7}.DefaultBuild|Net40.Build.0 = All|Any CPU
		{40036F06-3EF8-47E3-9531-61FC48CBE0C7}.DefaultBuild|WithNRefactory.ActiveCfg = All|Any CPU
		{40036F06-3EF8-47E3-9531-61FC48CBE0C7}.DefaultBuild|WithNRefactory.Build.0 = All|Any CPU
		{40036F06-3EF8-47E3-9531-61FC48CBE0C7}.DefaultBuild|x64.ActiveCfg = All|Any CPU
		{40036F06-3EF8-47E3-9531-61FC48CBE0C7}.DefaultBuild|x64.Build.0 = All|Any CPU
		{40036F06-3EF8-47E3-9531-61FC48CBE0C7}.DefaultBuild|x86.ActiveCfg = All|Any CPU
		{40036F06-3EF8-47E3-9531-61FC48CBE0C7}.DefaultBuild|x86.Build.0 = All|Any CPU
		{40036F06-3EF8-47E3-9531-61FC48CBE0C7}.Release|Any CPU.ActiveCfg = Release|Any CPU
		{40036F06-3EF8-47E3-9531-61FC48CBE0C7}.Release|Any CPU.Build.0 = Release|Any CPU
		{40036F06-3EF8-47E3-9531-61FC48CBE0C7}.Release|ARM64.ActiveCfg = Release|Any CPU
		{40036F06-3EF8-47E3-9531-61FC48CBE0C7}.Release|ARM64.Build.0 = Release|Any CPU
		{40036F06-3EF8-47E3-9531-61FC48CBE0C7}.Release|Mixed Platforms.ActiveCfg = Release|Any CPU
		{40036F06-3EF8-47E3-9531-61FC48CBE0C7}.Release|Mixed Platforms.Build.0 = Release|Any CPU
		{40036F06-3EF8-47E3-9531-61FC48CBE0C7}.Release|Net35.ActiveCfg = Release|Any CPU
		{40036F06-3EF8-47E3-9531-61FC48CBE0C7}.Release|Net35.Build.0 = Release|Any CPU
		{40036F06-3EF8-47E3-9531-61FC48CBE0C7}.Release|Net40.ActiveCfg = Release|Any CPU
		{40036F06-3EF8-47E3-9531-61FC48CBE0C7}.Release|Net40.Build.0 = Release|Any CPU
		{40036F06-3EF8-47E3-9531-61FC48CBE0C7}.Release|WithNRefactory.ActiveCfg = Release|Any CPU
		{40036F06-3EF8-47E3-9531-61FC48CBE0C7}.Release|WithNRefactory.Build.0 = Release|Any CPU
		{40036F06-3EF8-47E3-9531-61FC48CBE0C7}.Release|x64.ActiveCfg = Release|Any CPU
		{40036F06-3EF8-47E3-9531-61FC48CBE0C7}.Release|x64.Build.0 = Release|Any CPU
		{40036F06-3EF8-47E3-9531-61FC48CBE0C7}.Release|x86.ActiveCfg = Release|Any CPU
		{40036F06-3EF8-47E3-9531-61FC48CBE0C7}.Release|x86.Build.0 = Release|Any CPU
		{CBE9FEB8-3E68-4C13-AD8F-5FC27320C8F4}.All|Any CPU.ActiveCfg = Release|Any CPU
		{CBE9FEB8-3E68-4C13-AD8F-5FC27320C8F4}.All|Any CPU.Build.0 = Release|Any CPU
		{CBE9FEB8-3E68-4C13-AD8F-5FC27320C8F4}.All|ARM64.ActiveCfg = Release|Any CPU
		{CBE9FEB8-3E68-4C13-AD8F-5FC27320C8F4}.All|ARM64.Build.0 = Release|Any CPU
		{CBE9FEB8-3E68-4C13-AD8F-5FC27320C8F4}.All|Mixed Platforms.ActiveCfg = Release|Any CPU
		{CBE9FEB8-3E68-4C13-AD8F-5FC27320C8F4}.All|Mixed Platforms.Build.0 = Release|Any CPU
		{CBE9FEB8-3E68-4C13-AD8F-5FC27320C8F4}.All|Net35.ActiveCfg = Release|Any CPU
		{CBE9FEB8-3E68-4C13-AD8F-5FC27320C8F4}.All|Net35.Build.0 = Release|Any CPU
		{CBE9FEB8-3E68-4C13-AD8F-5FC27320C8F4}.All|Net40.ActiveCfg = Release|Any CPU
		{CBE9FEB8-3E68-4C13-AD8F-5FC27320C8F4}.All|Net40.Build.0 = Release|Any CPU
		{CBE9FEB8-3E68-4C13-AD8F-5FC27320C8F4}.All|WithNRefactory.ActiveCfg = Release|Any CPU
		{CBE9FEB8-3E68-4C13-AD8F-5FC27320C8F4}.All|WithNRefactory.Build.0 = Release|Any CPU
		{CBE9FEB8-3E68-4C13-AD8F-5FC27320C8F4}.All|x64.ActiveCfg = Release|Any CPU
		{CBE9FEB8-3E68-4C13-AD8F-5FC27320C8F4}.All|x64.Build.0 = Release|Any CPU
		{CBE9FEB8-3E68-4C13-AD8F-5FC27320C8F4}.All|x86.ActiveCfg = Release|Any CPU
		{CBE9FEB8-3E68-4C13-AD8F-5FC27320C8F4}.All|x86.Build.0 = Release|Any CPU
		{CBE9FEB8-3E68-4C13-AD8F-5FC27320C8F4}.Debug|Any CPU.ActiveCfg = Debug|Any CPU
		{CBE9FEB8-3E68-4C13-AD8F-5FC27320C8F4}.Debug|Any CPU.Build.0 = Debug|Any CPU
		{CBE9FEB8-3E68-4C13-AD8F-5FC27320C8F4}.Debug|ARM64.ActiveCfg = Debug|Any CPU
		{CBE9FEB8-3E68-4C13-AD8F-5FC27320C8F4}.Debug|ARM64.Build.0 = Debug|Any CPU
		{CBE9FEB8-3E68-4C13-AD8F-5FC27320C8F4}.Debug|Mixed Platforms.ActiveCfg = Debug|Any CPU
		{CBE9FEB8-3E68-4C13-AD8F-5FC27320C8F4}.Debug|Mixed Platforms.Build.0 = Debug|Any CPU
		{CBE9FEB8-3E68-4C13-AD8F-5FC27320C8F4}.Debug|Net35.ActiveCfg = Debug|Any CPU
		{CBE9FEB8-3E68-4C13-AD8F-5FC27320C8F4}.Debug|Net35.Build.0 = Debug|Any CPU
		{CBE9FEB8-3E68-4C13-AD8F-5FC27320C8F4}.Debug|Net40.ActiveCfg = Debug|Any CPU
		{CBE9FEB8-3E68-4C13-AD8F-5FC27320C8F4}.Debug|Net40.Build.0 = Debug|Any CPU
		{CBE9FEB8-3E68-4C13-AD8F-5FC27320C8F4}.Debug|WithNRefactory.ActiveCfg = Debug|Any CPU
		{CBE9FEB8-3E68-4C13-AD8F-5FC27320C8F4}.Debug|WithNRefactory.Build.0 = Debug|Any CPU
		{CBE9FEB8-3E68-4C13-AD8F-5FC27320C8F4}.Debug|x64.ActiveCfg = Debug|Any CPU
		{CBE9FEB8-3E68-4C13-AD8F-5FC27320C8F4}.Debug|x64.Build.0 = Debug|Any CPU
		{CBE9FEB8-3E68-4C13-AD8F-5FC27320C8F4}.Debug|x86.ActiveCfg = Debug|Any CPU
		{CBE9FEB8-3E68-4C13-AD8F-5FC27320C8F4}.Debug|x86.Build.0 = Debug|Any CPU
		{CBE9FEB8-3E68-4C13-AD8F-5FC27320C8F4}.DefaultBuild|Any CPU.ActiveCfg = All|Any CPU
		{CBE9FEB8-3E68-4C13-AD8F-5FC27320C8F4}.DefaultBuild|Any CPU.Build.0 = All|Any CPU
		{CBE9FEB8-3E68-4C13-AD8F-5FC27320C8F4}.DefaultBuild|ARM64.ActiveCfg = All|Any CPU
		{CBE9FEB8-3E68-4C13-AD8F-5FC27320C8F4}.DefaultBuild|ARM64.Build.0 = All|Any CPU
		{CBE9FEB8-3E68-4C13-AD8F-5FC27320C8F4}.DefaultBuild|Mixed Platforms.ActiveCfg = All|Any CPU
		{CBE9FEB8-3E68-4C13-AD8F-5FC27320C8F4}.DefaultBuild|Mixed Platforms.Build.0 = All|Any CPU
		{CBE9FEB8-3E68-4C13-AD8F-5FC27320C8F4}.DefaultBuild|Net35.ActiveCfg = All|Any CPU
		{CBE9FEB8-3E68-4C13-AD8F-5FC27320C8F4}.DefaultBuild|Net35.Build.0 = All|Any CPU
		{CBE9FEB8-3E68-4C13-AD8F-5FC27320C8F4}.DefaultBuild|Net40.ActiveCfg = All|Any CPU
		{CBE9FEB8-3E68-4C13-AD8F-5FC27320C8F4}.DefaultBuild|Net40.Build.0 = All|Any CPU
		{CBE9FEB8-3E68-4C13-AD8F-5FC27320C8F4}.DefaultBuild|WithNRefactory.ActiveCfg = All|Any CPU
		{CBE9FEB8-3E68-4C13-AD8F-5FC27320C8F4}.DefaultBuild|WithNRefactory.Build.0 = All|Any CPU
		{CBE9FEB8-3E68-4C13-AD8F-5FC27320C8F4}.DefaultBuild|x64.ActiveCfg = All|Any CPU
		{CBE9FEB8-3E68-4C13-AD8F-5FC27320C8F4}.DefaultBuild|x64.Build.0 = All|Any CPU
		{CBE9FEB8-3E68-4C13-AD8F-5FC27320C8F4}.DefaultBuild|x86.ActiveCfg = All|Any CPU
		{CBE9FEB8-3E68-4C13-AD8F-5FC27320C8F4}.DefaultBuild|x86.Build.0 = All|Any CPU
		{CBE9FEB8-3E68-4C13-AD8F-5FC27320C8F4}.Release|Any CPU.ActiveCfg = Release|Any CPU
		{CBE9FEB8-3E68-4C13-AD8F-5FC27320C8F4}.Release|Any CPU.Build.0 = Release|Any CPU
		{CBE9FEB8-3E68-4C13-AD8F-5FC27320C8F4}.Release|ARM64.ActiveCfg = Release|Any CPU
		{CBE9FEB8-3E68-4C13-AD8F-5FC27320C8F4}.Release|ARM64.Build.0 = Release|Any CPU
		{CBE9FEB8-3E68-4C13-AD8F-5FC27320C8F4}.Release|Mixed Platforms.ActiveCfg = Release|Any CPU
		{CBE9FEB8-3E68-4C13-AD8F-5FC27320C8F4}.Release|Mixed Platforms.Build.0 = Release|Any CPU
		{CBE9FEB8-3E68-4C13-AD8F-5FC27320C8F4}.Release|Net35.ActiveCfg = Release|Any CPU
		{CBE9FEB8-3E68-4C13-AD8F-5FC27320C8F4}.Release|Net35.Build.0 = Release|Any CPU
		{CBE9FEB8-3E68-4C13-AD8F-5FC27320C8F4}.Release|Net40.ActiveCfg = Release|Any CPU
		{CBE9FEB8-3E68-4C13-AD8F-5FC27320C8F4}.Release|Net40.Build.0 = Release|Any CPU
		{CBE9FEB8-3E68-4C13-AD8F-5FC27320C8F4}.Release|WithNRefactory.ActiveCfg = Release|Any CPU
		{CBE9FEB8-3E68-4C13-AD8F-5FC27320C8F4}.Release|WithNRefactory.Build.0 = Release|Any CPU
		{CBE9FEB8-3E68-4C13-AD8F-5FC27320C8F4}.Release|x64.ActiveCfg = Release|Any CPU
		{CBE9FEB8-3E68-4C13-AD8F-5FC27320C8F4}.Release|x64.Build.0 = Release|Any CPU
		{CBE9FEB8-3E68-4C13-AD8F-5FC27320C8F4}.Release|x86.ActiveCfg = Release|Any CPU
		{CBE9FEB8-3E68-4C13-AD8F-5FC27320C8F4}.Release|x86.Build.0 = Release|Any CPU
		{E82917A9-1CA6-4239-923F-22F2C3353B69}.All|Any CPU.ActiveCfg = Release|Any CPU
		{E82917A9-1CA6-4239-923F-22F2C3353B69}.All|Any CPU.Build.0 = Release|Any CPU
		{E82917A9-1CA6-4239-923F-22F2C3353B69}.All|ARM64.ActiveCfg = Release|Any CPU
		{E82917A9-1CA6-4239-923F-22F2C3353B69}.All|ARM64.Build.0 = Release|Any CPU
		{E82917A9-1CA6-4239-923F-22F2C3353B69}.All|Mixed Platforms.ActiveCfg = Release|Any CPU
		{E82917A9-1CA6-4239-923F-22F2C3353B69}.All|Mixed Platforms.Build.0 = Release|Any CPU
		{E82917A9-1CA6-4239-923F-22F2C3353B69}.All|Net35.ActiveCfg = Release|Any CPU
		{E82917A9-1CA6-4239-923F-22F2C3353B69}.All|Net35.Build.0 = Release|Any CPU
		{E82917A9-1CA6-4239-923F-22F2C3353B69}.All|Net40.ActiveCfg = Release|Any CPU
		{E82917A9-1CA6-4239-923F-22F2C3353B69}.All|Net40.Build.0 = Release|Any CPU
		{E82917A9-1CA6-4239-923F-22F2C3353B69}.All|WithNRefactory.ActiveCfg = Release|Any CPU
		{E82917A9-1CA6-4239-923F-22F2C3353B69}.All|WithNRefactory.Build.0 = Release|Any CPU
		{E82917A9-1CA6-4239-923F-22F2C3353B69}.All|x64.ActiveCfg = Release|Any CPU
		{E82917A9-1CA6-4239-923F-22F2C3353B69}.All|x64.Build.0 = Release|Any CPU
		{E82917A9-1CA6-4239-923F-22F2C3353B69}.All|x86.ActiveCfg = Release|Any CPU
		{E82917A9-1CA6-4239-923F-22F2C3353B69}.All|x86.Build.0 = Release|Any CPU
		{E82917A9-1CA6-4239-923F-22F2C3353B69}.Debug|Any CPU.ActiveCfg = Debug|Any CPU
		{E82917A9-1CA6-4239-923F-22F2C3353B69}.Debug|Any CPU.Build.0 = Debug|Any CPU
		{E82917A9-1CA6-4239-923F-22F2C3353B69}.Debug|ARM64.ActiveCfg = Debug|Any CPU
		{E82917A9-1CA6-4239-923F-22F2C3353B69}.Debug|ARM64.Build.0 = Debug|Any CPU
		{E82917A9-1CA6-4239-923F-22F2C3353B69}.Debug|Mixed Platforms.ActiveCfg = Debug|Any CPU
		{E82917A9-1CA6-4239-923F-22F2C3353B69}.Debug|Mixed Platforms.Build.0 = Debug|Any CPU
		{E82917A9-1CA6-4239-923F-22F2C3353B69}.Debug|Net35.ActiveCfg = Debug|Any CPU
		{E82917A9-1CA6-4239-923F-22F2C3353B69}.Debug|Net35.Build.0 = Debug|Any CPU
		{E82917A9-1CA6-4239-923F-22F2C3353B69}.Debug|Net40.ActiveCfg = Debug|Any CPU
		{E82917A9-1CA6-4239-923F-22F2C3353B69}.Debug|Net40.Build.0 = Debug|Any CPU
		{E82917A9-1CA6-4239-923F-22F2C3353B69}.Debug|WithNRefactory.ActiveCfg = Debug|Any CPU
		{E82917A9-1CA6-4239-923F-22F2C3353B69}.Debug|WithNRefactory.Build.0 = Debug|Any CPU
		{E82917A9-1CA6-4239-923F-22F2C3353B69}.Debug|x64.ActiveCfg = Debug|Any CPU
		{E82917A9-1CA6-4239-923F-22F2C3353B69}.Debug|x64.Build.0 = Debug|Any CPU
		{E82917A9-1CA6-4239-923F-22F2C3353B69}.Debug|x86.ActiveCfg = Debug|Any CPU
		{E82917A9-1CA6-4239-923F-22F2C3353B69}.Debug|x86.Build.0 = Debug|Any CPU
		{E82917A9-1CA6-4239-923F-22F2C3353B69}.DefaultBuild|Any CPU.ActiveCfg = All|Any CPU
		{E82917A9-1CA6-4239-923F-22F2C3353B69}.DefaultBuild|Any CPU.Build.0 = All|Any CPU
		{E82917A9-1CA6-4239-923F-22F2C3353B69}.DefaultBuild|ARM64.ActiveCfg = All|Any CPU
		{E82917A9-1CA6-4239-923F-22F2C3353B69}.DefaultBuild|ARM64.Build.0 = All|Any CPU
		{E82917A9-1CA6-4239-923F-22F2C3353B69}.DefaultBuild|Mixed Platforms.ActiveCfg = All|Any CPU
		{E82917A9-1CA6-4239-923F-22F2C3353B69}.DefaultBuild|Mixed Platforms.Build.0 = All|Any CPU
		{E82917A9-1CA6-4239-923F-22F2C3353B69}.DefaultBuild|Net35.ActiveCfg = All|Any CPU
		{E82917A9-1CA6-4239-923F-22F2C3353B69}.DefaultBuild|Net35.Build.0 = All|Any CPU
		{E82917A9-1CA6-4239-923F-22F2C3353B69}.DefaultBuild|Net40.ActiveCfg = All|Any CPU
		{E82917A9-1CA6-4239-923F-22F2C3353B69}.DefaultBuild|Net40.Build.0 = All|Any CPU
		{E82917A9-1CA6-4239-923F-22F2C3353B69}.DefaultBuild|WithNRefactory.ActiveCfg = All|Any CPU
		{E82917A9-1CA6-4239-923F-22F2C3353B69}.DefaultBuild|WithNRefactory.Build.0 = All|Any CPU
		{E82917A9-1CA6-4239-923F-22F2C3353B69}.DefaultBuild|x64.ActiveCfg = All|Any CPU
		{E82917A9-1CA6-4239-923F-22F2C3353B69}.DefaultBuild|x64.Build.0 = All|Any CPU
		{E82917A9-1CA6-4239-923F-22F2C3353B69}.DefaultBuild|x86.ActiveCfg = All|Any CPU
		{E82917A9-1CA6-4239-923F-22F2C3353B69}.DefaultBuild|x86.Build.0 = All|Any CPU
		{E82917A9-1CA6-4239-923F-22F2C3353B69}.Release|Any CPU.ActiveCfg = Release|Any CPU
		{E82917A9-1CA6-4239-923F-22F2C3353B69}.Release|Any CPU.Build.0 = Release|Any CPU
		{E82917A9-1CA6-4239-923F-22F2C3353B69}.Release|ARM64.ActiveCfg = Release|Any CPU
		{E82917A9-1CA6-4239-923F-22F2C3353B69}.Release|ARM64.Build.0 = Release|Any CPU
		{E82917A9-1CA6-4239-923F-22F2C3353B69}.Release|Mixed Platforms.ActiveCfg = Release|Any CPU
		{E82917A9-1CA6-4239-923F-22F2C3353B69}.Release|Mixed Platforms.Build.0 = Release|Any CPU
		{E82917A9-1CA6-4239-923F-22F2C3353B69}.Release|Net35.ActiveCfg = Release|Any CPU
		{E82917A9-1CA6-4239-923F-22F2C3353B69}.Release|Net35.Build.0 = Release|Any CPU
		{E82917A9-1CA6-4239-923F-22F2C3353B69}.Release|Net40.ActiveCfg = Release|Any CPU
		{E82917A9-1CA6-4239-923F-22F2C3353B69}.Release|Net40.Build.0 = Release|Any CPU
		{E82917A9-1CA6-4239-923F-22F2C3353B69}.Release|WithNRefactory.ActiveCfg = Release|Any CPU
		{E82917A9-1CA6-4239-923F-22F2C3353B69}.Release|WithNRefactory.Build.0 = Release|Any CPU
		{E82917A9-1CA6-4239-923F-22F2C3353B69}.Release|x64.ActiveCfg = Release|Any CPU
		{E82917A9-1CA6-4239-923F-22F2C3353B69}.Release|x64.Build.0 = Release|Any CPU
		{E82917A9-1CA6-4239-923F-22F2C3353B69}.Release|x86.ActiveCfg = Release|Any CPU
		{E82917A9-1CA6-4239-923F-22F2C3353B69}.Release|x86.Build.0 = Release|Any CPU
		{BA507B12-8562-40EB-9EBB-A3FC4723F175}.All|Any CPU.ActiveCfg = Release|Any CPU
		{BA507B12-8562-40EB-9EBB-A3FC4723F175}.All|Any CPU.Build.0 = Release|Any CPU
		{BA507B12-8562-40EB-9EBB-A3FC4723F175}.All|ARM64.ActiveCfg = Release|Any CPU
		{BA507B12-8562-40EB-9EBB-A3FC4723F175}.All|ARM64.Build.0 = Release|Any CPU
		{BA507B12-8562-40EB-9EBB-A3FC4723F175}.All|Mixed Platforms.ActiveCfg = Release|Any CPU
		{BA507B12-8562-40EB-9EBB-A3FC4723F175}.All|Mixed Platforms.Build.0 = Release|Any CPU
		{BA507B12-8562-40EB-9EBB-A3FC4723F175}.All|Net35.ActiveCfg = Release|Any CPU
		{BA507B12-8562-40EB-9EBB-A3FC4723F175}.All|Net35.Build.0 = Release|Any CPU
		{BA507B12-8562-40EB-9EBB-A3FC4723F175}.All|Net40.ActiveCfg = Release|Any CPU
		{BA507B12-8562-40EB-9EBB-A3FC4723F175}.All|Net40.Build.0 = Release|Any CPU
		{BA507B12-8562-40EB-9EBB-A3FC4723F175}.All|WithNRefactory.ActiveCfg = Release|Any CPU
		{BA507B12-8562-40EB-9EBB-A3FC4723F175}.All|WithNRefactory.Build.0 = Release|Any CPU
		{BA507B12-8562-40EB-9EBB-A3FC4723F175}.All|x64.ActiveCfg = Release|Any CPU
		{BA507B12-8562-40EB-9EBB-A3FC4723F175}.All|x64.Build.0 = Release|Any CPU
		{BA507B12-8562-40EB-9EBB-A3FC4723F175}.All|x86.ActiveCfg = Release|Any CPU
		{BA507B12-8562-40EB-9EBB-A3FC4723F175}.All|x86.Build.0 = Release|Any CPU
		{BA507B12-8562-40EB-9EBB-A3FC4723F175}.Debug|Any CPU.ActiveCfg = Debug|Any CPU
		{BA507B12-8562-40EB-9EBB-A3FC4723F175}.Debug|Any CPU.Build.0 = Debug|Any CPU
		{BA507B12-8562-40EB-9EBB-A3FC4723F175}.Debug|ARM64.ActiveCfg = Debug|Any CPU
		{BA507B12-8562-40EB-9EBB-A3FC4723F175}.Debug|ARM64.Build.0 = Debug|Any CPU
		{BA507B12-8562-40EB-9EBB-A3FC4723F175}.Debug|Mixed Platforms.ActiveCfg = Debug|Any CPU
		{BA507B12-8562-40EB-9EBB-A3FC4723F175}.Debug|Mixed Platforms.Build.0 = Debug|Any CPU
		{BA507B12-8562-40EB-9EBB-A3FC4723F175}.Debug|Net35.ActiveCfg = Debug|Any CPU
		{BA507B12-8562-40EB-9EBB-A3FC4723F175}.Debug|Net35.Build.0 = Debug|Any CPU
		{BA507B12-8562-40EB-9EBB-A3FC4723F175}.Debug|Net40.ActiveCfg = Debug|Any CPU
		{BA507B12-8562-40EB-9EBB-A3FC4723F175}.Debug|Net40.Build.0 = Debug|Any CPU
		{BA507B12-8562-40EB-9EBB-A3FC4723F175}.Debug|WithNRefactory.ActiveCfg = Debug|Any CPU
		{BA507B12-8562-40EB-9EBB-A3FC4723F175}.Debug|WithNRefactory.Build.0 = Debug|Any CPU
		{BA507B12-8562-40EB-9EBB-A3FC4723F175}.Debug|x64.ActiveCfg = Debug|Any CPU
		{BA507B12-8562-40EB-9EBB-A3FC4723F175}.Debug|x64.Build.0 = Debug|Any CPU
		{BA507B12-8562-40EB-9EBB-A3FC4723F175}.Debug|x86.ActiveCfg = Debug|Any CPU
		{BA507B12-8562-40EB-9EBB-A3FC4723F175}.Debug|x86.Build.0 = Debug|Any CPU
		{BA507B12-8562-40EB-9EBB-A3FC4723F175}.DefaultBuild|Any CPU.ActiveCfg = All|Any CPU
		{BA507B12-8562-40EB-9EBB-A3FC4723F175}.DefaultBuild|Any CPU.Build.0 = All|Any CPU
		{BA507B12-8562-40EB-9EBB-A3FC4723F175}.DefaultBuild|ARM64.ActiveCfg = All|Any CPU
		{BA507B12-8562-40EB-9EBB-A3FC4723F175}.DefaultBuild|ARM64.Build.0 = All|Any CPU
		{BA507B12-8562-40EB-9EBB-A3FC4723F175}.DefaultBuild|Mixed Platforms.ActiveCfg = All|Any CPU
		{BA507B12-8562-40EB-9EBB-A3FC4723F175}.DefaultBuild|Mixed Platforms.Build.0 = All|Any CPU
		{BA507B12-8562-40EB-9EBB-A3FC4723F175}.DefaultBuild|Net35.ActiveCfg = All|Any CPU
		{BA507B12-8562-40EB-9EBB-A3FC4723F175}.DefaultBuild|Net35.Build.0 = All|Any CPU
		{BA507B12-8562-40EB-9EBB-A3FC4723F175}.DefaultBuild|Net40.ActiveCfg = All|Any CPU
		{BA507B12-8562-40EB-9EBB-A3FC4723F175}.DefaultBuild|Net40.Build.0 = All|Any CPU
		{BA507B12-8562-40EB-9EBB-A3FC4723F175}.DefaultBuild|WithNRefactory.ActiveCfg = All|Any CPU
		{BA507B12-8562-40EB-9EBB-A3FC4723F175}.DefaultBuild|WithNRefactory.Build.0 = All|Any CPU
		{BA507B12-8562-40EB-9EBB-A3FC4723F175}.DefaultBuild|x64.ActiveCfg = All|Any CPU
		{BA507B12-8562-40EB-9EBB-A3FC4723F175}.DefaultBuild|x64.Build.0 = All|Any CPU
		{BA507B12-8562-40EB-9EBB-A3FC4723F175}.DefaultBuild|x86.ActiveCfg = All|Any CPU
		{BA507B12-8562-40EB-9EBB-A3FC4723F175}.DefaultBuild|x86.Build.0 = All|Any CPU
		{BA507B12-8562-40EB-9EBB-A3FC4723F175}.Release|Any CPU.ActiveCfg = Release|Any CPU
		{BA507B12-8562-40EB-9EBB-A3FC4723F175}.Release|Any CPU.Build.0 = Release|Any CPU
		{BA507B12-8562-40EB-9EBB-A3FC4723F175}.Release|ARM64.ActiveCfg = Release|Any CPU
		{BA507B12-8562-40EB-9EBB-A3FC4723F175}.Release|ARM64.Build.0 = Release|Any CPU
		{BA507B12-8562-40EB-9EBB-A3FC4723F175}.Release|Mixed Platforms.ActiveCfg = Release|Any CPU
		{BA507B12-8562-40EB-9EBB-A3FC4723F175}.Release|Mixed Platforms.Build.0 = Release|Any CPU
		{BA507B12-8562-40EB-9EBB-A3FC4723F175}.Release|Net35.ActiveCfg = Release|Any CPU
		{BA507B12-8562-40EB-9EBB-A3FC4723F175}.Release|Net35.Build.0 = Release|Any CPU
		{BA507B12-8562-40EB-9EBB-A3FC4723F175}.Release|Net40.ActiveCfg = Release|Any CPU
		{BA507B12-8562-40EB-9EBB-A3FC4723F175}.Release|Net40.Build.0 = Release|Any CPU
		{BA507B12-8562-40EB-9EBB-A3FC4723F175}.Release|WithNRefactory.ActiveCfg = Release|Any CPU
		{BA507B12-8562-40EB-9EBB-A3FC4723F175}.Release|WithNRefactory.Build.0 = Release|Any CPU
		{BA507B12-8562-40EB-9EBB-A3FC4723F175}.Release|x64.ActiveCfg = Release|Any CPU
		{BA507B12-8562-40EB-9EBB-A3FC4723F175}.Release|x64.Build.0 = Release|Any CPU
		{BA507B12-8562-40EB-9EBB-A3FC4723F175}.Release|x86.ActiveCfg = Release|Any CPU
		{BA507B12-8562-40EB-9EBB-A3FC4723F175}.Release|x86.Build.0 = Release|Any CPU
		{82C72FC5-FED5-C6E9-30F8-8B99A363A883}.All|Any CPU.ActiveCfg = All|Any CPU
		{82C72FC5-FED5-C6E9-30F8-8B99A363A883}.All|Any CPU.Build.0 = All|Any CPU
		{82C72FC5-FED5-C6E9-30F8-8B99A363A883}.All|ARM64.ActiveCfg = All|Any CPU
		{82C72FC5-FED5-C6E9-30F8-8B99A363A883}.All|ARM64.Build.0 = All|Any CPU
		{82C72FC5-FED5-C6E9-30F8-8B99A363A883}.All|Mixed Platforms.ActiveCfg = All|Any CPU
		{82C72FC5-FED5-C6E9-30F8-8B99A363A883}.All|Mixed Platforms.Build.0 = All|Any CPU
		{82C72FC5-FED5-C6E9-30F8-8B99A363A883}.All|Net35.ActiveCfg = All|Any CPU
		{82C72FC5-FED5-C6E9-30F8-8B99A363A883}.All|Net35.Build.0 = All|Any CPU
		{82C72FC5-FED5-C6E9-30F8-8B99A363A883}.All|Net40.ActiveCfg = All|Any CPU
		{82C72FC5-FED5-C6E9-30F8-8B99A363A883}.All|Net40.Build.0 = All|Any CPU
		{82C72FC5-FED5-C6E9-30F8-8B99A363A883}.All|WithNRefactory.ActiveCfg = All|Any CPU
		{82C72FC5-FED5-C6E9-30F8-8B99A363A883}.All|WithNRefactory.Build.0 = All|Any CPU
		{82C72FC5-FED5-C6E9-30F8-8B99A363A883}.All|x64.ActiveCfg = All|Any CPU
		{82C72FC5-FED5-C6E9-30F8-8B99A363A883}.All|x64.Build.0 = All|Any CPU
		{82C72FC5-FED5-C6E9-30F8-8B99A363A883}.All|x86.ActiveCfg = All|Any CPU
		{82C72FC5-FED5-C6E9-30F8-8B99A363A883}.All|x86.Build.0 = All|Any CPU
		{82C72FC5-FED5-C6E9-30F8-8B99A363A883}.Debug|Any CPU.ActiveCfg = Debug|Any CPU
		{82C72FC5-FED5-C6E9-30F8-8B99A363A883}.Debug|Any CPU.Build.0 = Debug|Any CPU
		{82C72FC5-FED5-C6E9-30F8-8B99A363A883}.Debug|ARM64.ActiveCfg = Debug|Any CPU
		{82C72FC5-FED5-C6E9-30F8-8B99A363A883}.Debug|ARM64.Build.0 = Debug|Any CPU
		{82C72FC5-FED5-C6E9-30F8-8B99A363A883}.Debug|Mixed Platforms.ActiveCfg = Debug|Any CPU
		{82C72FC5-FED5-C6E9-30F8-8B99A363A883}.Debug|Mixed Platforms.Build.0 = Debug|Any CPU
		{82C72FC5-FED5-C6E9-30F8-8B99A363A883}.Debug|Net35.ActiveCfg = Debug|Any CPU
		{82C72FC5-FED5-C6E9-30F8-8B99A363A883}.Debug|Net35.Build.0 = Debug|Any CPU
		{82C72FC5-FED5-C6E9-30F8-8B99A363A883}.Debug|Net40.ActiveCfg = Debug|Any CPU
		{82C72FC5-FED5-C6E9-30F8-8B99A363A883}.Debug|Net40.Build.0 = Debug|Any CPU
		{82C72FC5-FED5-C6E9-30F8-8B99A363A883}.Debug|WithNRefactory.ActiveCfg = Debug|Any CPU
		{82C72FC5-FED5-C6E9-30F8-8B99A363A883}.Debug|WithNRefactory.Build.0 = Debug|Any CPU
		{82C72FC5-FED5-C6E9-30F8-8B99A363A883}.Debug|x64.ActiveCfg = Debug|Any CPU
		{82C72FC5-FED5-C6E9-30F8-8B99A363A883}.Debug|x64.Build.0 = Debug|Any CPU
		{82C72FC5-FED5-C6E9-30F8-8B99A363A883}.Debug|x86.ActiveCfg = Debug|Any CPU
		{82C72FC5-FED5-C6E9-30F8-8B99A363A883}.Debug|x86.Build.0 = Debug|Any CPU
		{82C72FC5-FED5-C6E9-30F8-8B99A363A883}.DefaultBuild|Any CPU.ActiveCfg = All|Any CPU
		{82C72FC5-FED5-C6E9-30F8-8B99A363A883}.DefaultBuild|Any CPU.Build.0 = All|Any CPU
		{82C72FC5-FED5-C6E9-30F8-8B99A363A883}.DefaultBuild|ARM64.ActiveCfg = All|Any CPU
		{82C72FC5-FED5-C6E9-30F8-8B99A363A883}.DefaultBuild|ARM64.Build.0 = All|Any CPU
		{82C72FC5-FED5-C6E9-30F8-8B99A363A883}.DefaultBuild|Mixed Platforms.ActiveCfg = All|Any CPU
		{82C72FC5-FED5-C6E9-30F8-8B99A363A883}.DefaultBuild|Mixed Platforms.Build.0 = All|Any CPU
		{82C72FC5-FED5-C6E9-30F8-8B99A363A883}.DefaultBuild|Net35.ActiveCfg = All|Any CPU
		{82C72FC5-FED5-C6E9-30F8-8B99A363A883}.DefaultBuild|Net35.Build.0 = All|Any CPU
		{82C72FC5-FED5-C6E9-30F8-8B99A363A883}.DefaultBuild|Net40.ActiveCfg = All|Any CPU
		{82C72FC5-FED5-C6E9-30F8-8B99A363A883}.DefaultBuild|Net40.Build.0 = All|Any CPU
		{82C72FC5-FED5-C6E9-30F8-8B99A363A883}.DefaultBuild|WithNRefactory.ActiveCfg = All|Any CPU
		{82C72FC5-FED5-C6E9-30F8-8B99A363A883}.DefaultBuild|WithNRefactory.Build.0 = All|Any CPU
		{82C72FC5-FED5-C6E9-30F8-8B99A363A883}.DefaultBuild|x64.ActiveCfg = All|Any CPU
		{82C72FC5-FED5-C6E9-30F8-8B99A363A883}.DefaultBuild|x64.Build.0 = All|Any CPU
		{82C72FC5-FED5-C6E9-30F8-8B99A363A883}.DefaultBuild|x86.ActiveCfg = All|Any CPU
		{82C72FC5-FED5-C6E9-30F8-8B99A363A883}.DefaultBuild|x86.Build.0 = All|Any CPU
		{82C72FC5-FED5-C6E9-30F8-8B99A363A883}.Release|Any CPU.ActiveCfg = Release|Any CPU
		{82C72FC5-FED5-C6E9-30F8-8B99A363A883}.Release|Any CPU.Build.0 = Release|Any CPU
		{82C72FC5-FED5-C6E9-30F8-8B99A363A883}.Release|ARM64.ActiveCfg = Release|Any CPU
		{82C72FC5-FED5-C6E9-30F8-8B99A363A883}.Release|ARM64.Build.0 = Release|Any CPU
		{82C72FC5-FED5-C6E9-30F8-8B99A363A883}.Release|Mixed Platforms.ActiveCfg = Release|Any CPU
		{82C72FC5-FED5-C6E9-30F8-8B99A363A883}.Release|Mixed Platforms.Build.0 = Release|Any CPU
		{82C72FC5-FED5-C6E9-30F8-8B99A363A883}.Release|Net35.ActiveCfg = Release|Any CPU
		{82C72FC5-FED5-C6E9-30F8-8B99A363A883}.Release|Net35.Build.0 = Release|Any CPU
		{82C72FC5-FED5-C6E9-30F8-8B99A363A883}.Release|Net40.ActiveCfg = Release|Any CPU
		{82C72FC5-FED5-C6E9-30F8-8B99A363A883}.Release|Net40.Build.0 = Release|Any CPU
		{82C72FC5-FED5-C6E9-30F8-8B99A363A883}.Release|WithNRefactory.ActiveCfg = Release|Any CPU
		{82C72FC5-FED5-C6E9-30F8-8B99A363A883}.Release|WithNRefactory.Build.0 = Release|Any CPU
		{82C72FC5-FED5-C6E9-30F8-8B99A363A883}.Release|x64.ActiveCfg = Release|Any CPU
		{82C72FC5-FED5-C6E9-30F8-8B99A363A883}.Release|x64.Build.0 = Release|Any CPU
		{82C72FC5-FED5-C6E9-30F8-8B99A363A883}.Release|x86.ActiveCfg = Release|Any CPU
		{82C72FC5-FED5-C6E9-30F8-8B99A363A883}.Release|x86.Build.0 = Release|Any CPU
		{48CB7E62-F8D7-42E4-A236-31AFC024CF0F}.All|Any CPU.ActiveCfg = DefaultBuild
		{48CB7E62-F8D7-42E4-A236-31AFC024CF0F}.All|Any CPU.Build.0 = DefaultBuild
		{48CB7E62-F8D7-42E4-A236-31AFC024CF0F}.All|ARM64.ActiveCfg = DefaultBuild
		{48CB7E62-F8D7-42E4-A236-31AFC024CF0F}.All|ARM64.Build.0 = DefaultBuild
		{48CB7E62-F8D7-42E4-A236-31AFC024CF0F}.All|Mixed Platforms.ActiveCfg = DefaultBuild
		{48CB7E62-F8D7-42E4-A236-31AFC024CF0F}.All|Mixed Platforms.Build.0 = DefaultBuild
		{48CB7E62-F8D7-42E4-A236-31AFC024CF0F}.All|Net35.ActiveCfg = DefaultBuild
		{48CB7E62-F8D7-42E4-A236-31AFC024CF0F}.All|Net35.Build.0 = DefaultBuild
		{48CB7E62-F8D7-42E4-A236-31AFC024CF0F}.All|Net40.ActiveCfg = DefaultBuild
		{48CB7E62-F8D7-42E4-A236-31AFC024CF0F}.All|Net40.Build.0 = DefaultBuild
		{48CB7E62-F8D7-42E4-A236-31AFC024CF0F}.All|WithNRefactory.ActiveCfg = DefaultBuild
		{48CB7E62-F8D7-42E4-A236-31AFC024CF0F}.All|WithNRefactory.Build.0 = DefaultBuild
		{48CB7E62-F8D7-42E4-A236-31AFC024CF0F}.All|x64.ActiveCfg = DefaultBuild
		{48CB7E62-F8D7-42E4-A236-31AFC024CF0F}.All|x64.Build.0 = DefaultBuild
		{48CB7E62-F8D7-42E4-A236-31AFC024CF0F}.All|x86.ActiveCfg = DefaultBuild
		{48CB7E62-F8D7-42E4-A236-31AFC024CF0F}.All|x86.Build.0 = DefaultBuild
		{48CB7E62-F8D7-42E4-A236-31AFC024CF0F}.Debug|Any CPU.ActiveCfg = DefaultBuild
		{48CB7E62-F8D7-42E4-A236-31AFC024CF0F}.Debug|Any CPU.Build.0 = DefaultBuild
		{48CB7E62-F8D7-42E4-A236-31AFC024CF0F}.Debug|ARM64.ActiveCfg = DefaultBuild
		{48CB7E62-F8D7-42E4-A236-31AFC024CF0F}.Debug|ARM64.Build.0 = DefaultBuild
		{48CB7E62-F8D7-42E4-A236-31AFC024CF0F}.Debug|Mixed Platforms.ActiveCfg = DefaultBuild
		{48CB7E62-F8D7-42E4-A236-31AFC024CF0F}.Debug|Mixed Platforms.Build.0 = DefaultBuild
		{48CB7E62-F8D7-42E4-A236-31AFC024CF0F}.Debug|Net35.ActiveCfg = DefaultBuild
		{48CB7E62-F8D7-42E4-A236-31AFC024CF0F}.Debug|Net35.Build.0 = DefaultBuild
		{48CB7E62-F8D7-42E4-A236-31AFC024CF0F}.Debug|Net40.ActiveCfg = DefaultBuild
		{48CB7E62-F8D7-42E4-A236-31AFC024CF0F}.Debug|Net40.Build.0 = DefaultBuild
		{48CB7E62-F8D7-42E4-A236-31AFC024CF0F}.Debug|WithNRefactory.ActiveCfg = DefaultBuild
		{48CB7E62-F8D7-42E4-A236-31AFC024CF0F}.Debug|WithNRefactory.Build.0 = DefaultBuild
		{48CB7E62-F8D7-42E4-A236-31AFC024CF0F}.Debug|x64.ActiveCfg = DefaultBuild
		{48CB7E62-F8D7-42E4-A236-31AFC024CF0F}.Debug|x64.Build.0 = DefaultBuild
		{48CB7E62-F8D7-42E4-A236-31AFC024CF0F}.Debug|x86.ActiveCfg = DefaultBuild
		{48CB7E62-F8D7-42E4-A236-31AFC024CF0F}.Debug|x86.Build.0 = DefaultBuild
		{48CB7E62-F8D7-42E4-A236-31AFC024CF0F}.DefaultBuild|Any CPU.ActiveCfg = DefaultBuild
		{48CB7E62-F8D7-42E4-A236-31AFC024CF0F}.DefaultBuild|Any CPU.Build.0 = DefaultBuild
		{48CB7E62-F8D7-42E4-A236-31AFC024CF0F}.DefaultBuild|ARM64.ActiveCfg = DefaultBuild
		{48CB7E62-F8D7-42E4-A236-31AFC024CF0F}.DefaultBuild|ARM64.Build.0 = DefaultBuild
		{48CB7E62-F8D7-42E4-A236-31AFC024CF0F}.DefaultBuild|Mixed Platforms.ActiveCfg = DefaultBuild
		{48CB7E62-F8D7-42E4-A236-31AFC024CF0F}.DefaultBuild|Mixed Platforms.Build.0 = DefaultBuild
		{48CB7E62-F8D7-42E4-A236-31AFC024CF0F}.DefaultBuild|Net35.ActiveCfg = DefaultBuild
		{48CB7E62-F8D7-42E4-A236-31AFC024CF0F}.DefaultBuild|Net35.Build.0 = DefaultBuild
		{48CB7E62-F8D7-42E4-A236-31AFC024CF0F}.DefaultBuild|Net40.ActiveCfg = DefaultBuild
		{48CB7E62-F8D7-42E4-A236-31AFC024CF0F}.DefaultBuild|Net40.Build.0 = DefaultBuild
		{48CB7E62-F8D7-42E4-A236-31AFC024CF0F}.DefaultBuild|WithNRefactory.ActiveCfg = DefaultBuild
		{48CB7E62-F8D7-42E4-A236-31AFC024CF0F}.DefaultBuild|WithNRefactory.Build.0 = DefaultBuild
		{48CB7E62-F8D7-42E4-A236-31AFC024CF0F}.DefaultBuild|x64.ActiveCfg = DefaultBuild
		{48CB7E62-F8D7-42E4-A236-31AFC024CF0F}.DefaultBuild|x64.Build.0 = DefaultBuild
		{48CB7E62-F8D7-42E4-A236-31AFC024CF0F}.DefaultBuild|x86.ActiveCfg = DefaultBuild
		{48CB7E62-F8D7-42E4-A236-31AFC024CF0F}.DefaultBuild|x86.Build.0 = DefaultBuild
		{48CB7E62-F8D7-42E4-A236-31AFC024CF0F}.Release|Any CPU.ActiveCfg = DefaultBuild
		{48CB7E62-F8D7-42E4-A236-31AFC024CF0F}.Release|Any CPU.Build.0 = DefaultBuild
		{48CB7E62-F8D7-42E4-A236-31AFC024CF0F}.Release|ARM64.ActiveCfg = DefaultBuild
		{48CB7E62-F8D7-42E4-A236-31AFC024CF0F}.Release|ARM64.Build.0 = DefaultBuild
		{48CB7E62-F8D7-42E4-A236-31AFC024CF0F}.Release|Mixed Platforms.ActiveCfg = DefaultBuild
		{48CB7E62-F8D7-42E4-A236-31AFC024CF0F}.Release|Mixed Platforms.Build.0 = DefaultBuild
		{48CB7E62-F8D7-42E4-A236-31AFC024CF0F}.Release|Net35.ActiveCfg = DefaultBuild
		{48CB7E62-F8D7-42E4-A236-31AFC024CF0F}.Release|Net35.Build.0 = DefaultBuild
		{48CB7E62-F8D7-42E4-A236-31AFC024CF0F}.Release|Net40.ActiveCfg = DefaultBuild
		{48CB7E62-F8D7-42E4-A236-31AFC024CF0F}.Release|Net40.Build.0 = DefaultBuild
		{48CB7E62-F8D7-42E4-A236-31AFC024CF0F}.Release|WithNRefactory.ActiveCfg = DefaultBuild
		{48CB7E62-F8D7-42E4-A236-31AFC024CF0F}.Release|WithNRefactory.Build.0 = DefaultBuild
		{48CB7E62-F8D7-42E4-A236-31AFC024CF0F}.Release|x64.ActiveCfg = DefaultBuild
		{48CB7E62-F8D7-42E4-A236-31AFC024CF0F}.Release|x64.Build.0 = DefaultBuild
		{48CB7E62-F8D7-42E4-A236-31AFC024CF0F}.Release|x86.ActiveCfg = DefaultBuild
		{48CB7E62-F8D7-42E4-A236-31AFC024CF0F}.Release|x86.Build.0 = DefaultBuild
		{7A6D3F7C-1181-4ABC-AB54-60F320613907}.All|Any CPU.ActiveCfg = Debug|Any CPU
		{7A6D3F7C-1181-4ABC-AB54-60F320613907}.All|Any CPU.Build.0 = Debug|Any CPU
		{7A6D3F7C-1181-4ABC-AB54-60F320613907}.All|ARM64.ActiveCfg = Debug|Any CPU
		{7A6D3F7C-1181-4ABC-AB54-60F320613907}.All|ARM64.Build.0 = Debug|Any CPU
		{7A6D3F7C-1181-4ABC-AB54-60F320613907}.All|Mixed Platforms.ActiveCfg = Debug|Any CPU
		{7A6D3F7C-1181-4ABC-AB54-60F320613907}.All|Mixed Platforms.Build.0 = Debug|Any CPU
		{7A6D3F7C-1181-4ABC-AB54-60F320613907}.All|Net35.ActiveCfg = Debug|Any CPU
		{7A6D3F7C-1181-4ABC-AB54-60F320613907}.All|Net35.Build.0 = Debug|Any CPU
		{7A6D3F7C-1181-4ABC-AB54-60F320613907}.All|Net40.ActiveCfg = Debug|Any CPU
		{7A6D3F7C-1181-4ABC-AB54-60F320613907}.All|Net40.Build.0 = Debug|Any CPU
		{7A6D3F7C-1181-4ABC-AB54-60F320613907}.All|WithNRefactory.ActiveCfg = Debug|Any CPU
		{7A6D3F7C-1181-4ABC-AB54-60F320613907}.All|WithNRefactory.Build.0 = Debug|Any CPU
		{7A6D3F7C-1181-4ABC-AB54-60F320613907}.All|x64.ActiveCfg = Debug|Any CPU
		{7A6D3F7C-1181-4ABC-AB54-60F320613907}.All|x64.Build.0 = Debug|Any CPU
		{7A6D3F7C-1181-4ABC-AB54-60F320613907}.All|x86.ActiveCfg = Debug|Any CPU
		{7A6D3F7C-1181-4ABC-AB54-60F320613907}.All|x86.Build.0 = Debug|Any CPU
		{7A6D3F7C-1181-4ABC-AB54-60F320613907}.Debug|Any CPU.ActiveCfg = Debug|Any CPU
		{7A6D3F7C-1181-4ABC-AB54-60F320613907}.Debug|Any CPU.Build.0 = Debug|Any CPU
		{7A6D3F7C-1181-4ABC-AB54-60F320613907}.Debug|ARM64.ActiveCfg = Debug|Any CPU
		{7A6D3F7C-1181-4ABC-AB54-60F320613907}.Debug|ARM64.Build.0 = Debug|Any CPU
		{7A6D3F7C-1181-4ABC-AB54-60F320613907}.Debug|Mixed Platforms.ActiveCfg = Debug|Any CPU
		{7A6D3F7C-1181-4ABC-AB54-60F320613907}.Debug|Mixed Platforms.Build.0 = Debug|Any CPU
		{7A6D3F7C-1181-4ABC-AB54-60F320613907}.Debug|Net35.ActiveCfg = Debug|Any CPU
		{7A6D3F7C-1181-4ABC-AB54-60F320613907}.Debug|Net35.Build.0 = Debug|Any CPU
		{7A6D3F7C-1181-4ABC-AB54-60F320613907}.Debug|Net40.ActiveCfg = Debug|Any CPU
		{7A6D3F7C-1181-4ABC-AB54-60F320613907}.Debug|Net40.Build.0 = Debug|Any CPU
		{7A6D3F7C-1181-4ABC-AB54-60F320613907}.Debug|WithNRefactory.ActiveCfg = Debug|Any CPU
		{7A6D3F7C-1181-4ABC-AB54-60F320613907}.Debug|WithNRefactory.Build.0 = Debug|Any CPU
		{7A6D3F7C-1181-4ABC-AB54-60F320613907}.Debug|x64.ActiveCfg = Debug|Any CPU
		{7A6D3F7C-1181-4ABC-AB54-60F320613907}.Debug|x64.Build.0 = Debug|Any CPU
		{7A6D3F7C-1181-4ABC-AB54-60F320613907}.Debug|x86.ActiveCfg = Debug|Any CPU
		{7A6D3F7C-1181-4ABC-AB54-60F320613907}.Debug|x86.Build.0 = Debug|Any CPU
		{7A6D3F7C-1181-4ABC-AB54-60F320613907}.DefaultBuild|Any CPU.ActiveCfg = Release|Any CPU
		{7A6D3F7C-1181-4ABC-AB54-60F320613907}.DefaultBuild|Any CPU.Build.0 = Release|Any CPU
		{7A6D3F7C-1181-4ABC-AB54-60F320613907}.DefaultBuild|ARM64.ActiveCfg = Release|Any CPU
		{7A6D3F7C-1181-4ABC-AB54-60F320613907}.DefaultBuild|ARM64.Build.0 = Release|Any CPU
		{7A6D3F7C-1181-4ABC-AB54-60F320613907}.DefaultBuild|Mixed Platforms.ActiveCfg = Release|Any CPU
		{7A6D3F7C-1181-4ABC-AB54-60F320613907}.DefaultBuild|Mixed Platforms.Build.0 = Release|Any CPU
		{7A6D3F7C-1181-4ABC-AB54-60F320613907}.DefaultBuild|Net35.ActiveCfg = Release|Any CPU
		{7A6D3F7C-1181-4ABC-AB54-60F320613907}.DefaultBuild|Net35.Build.0 = Release|Any CPU
		{7A6D3F7C-1181-4ABC-AB54-60F320613907}.DefaultBuild|Net40.ActiveCfg = Release|Any CPU
		{7A6D3F7C-1181-4ABC-AB54-60F320613907}.DefaultBuild|Net40.Build.0 = Release|Any CPU
		{7A6D3F7C-1181-4ABC-AB54-60F320613907}.DefaultBuild|WithNRefactory.ActiveCfg = Release|Any CPU
		{7A6D3F7C-1181-4ABC-AB54-60F320613907}.DefaultBuild|WithNRefactory.Build.0 = Release|Any CPU
		{7A6D3F7C-1181-4ABC-AB54-60F320613907}.DefaultBuild|x64.ActiveCfg = Release|Any CPU
		{7A6D3F7C-1181-4ABC-AB54-60F320613907}.DefaultBuild|x64.Build.0 = Release|Any CPU
		{7A6D3F7C-1181-4ABC-AB54-60F320613907}.DefaultBuild|x86.ActiveCfg = Release|Any CPU
		{7A6D3F7C-1181-4ABC-AB54-60F320613907}.DefaultBuild|x86.Build.0 = Release|Any CPU
		{7A6D3F7C-1181-4ABC-AB54-60F320613907}.Release|Any CPU.ActiveCfg = Release|Any CPU
		{7A6D3F7C-1181-4ABC-AB54-60F320613907}.Release|Any CPU.Build.0 = Release|Any CPU
		{7A6D3F7C-1181-4ABC-AB54-60F320613907}.Release|ARM64.ActiveCfg = Release|Any CPU
		{7A6D3F7C-1181-4ABC-AB54-60F320613907}.Release|ARM64.Build.0 = Release|Any CPU
		{7A6D3F7C-1181-4ABC-AB54-60F320613907}.Release|Mixed Platforms.ActiveCfg = Release|Any CPU
		{7A6D3F7C-1181-4ABC-AB54-60F320613907}.Release|Mixed Platforms.Build.0 = Release|Any CPU
		{7A6D3F7C-1181-4ABC-AB54-60F320613907}.Release|Net35.ActiveCfg = Release|Any CPU
		{7A6D3F7C-1181-4ABC-AB54-60F320613907}.Release|Net35.Build.0 = Release|Any CPU
		{7A6D3F7C-1181-4ABC-AB54-60F320613907}.Release|Net40.ActiveCfg = Release|Any CPU
		{7A6D3F7C-1181-4ABC-AB54-60F320613907}.Release|Net40.Build.0 = Release|Any CPU
		{7A6D3F7C-1181-4ABC-AB54-60F320613907}.Release|WithNRefactory.ActiveCfg = Release|Any CPU
		{7A6D3F7C-1181-4ABC-AB54-60F320613907}.Release|WithNRefactory.Build.0 = Release|Any CPU
		{7A6D3F7C-1181-4ABC-AB54-60F320613907}.Release|x64.ActiveCfg = Release|Any CPU
		{7A6D3F7C-1181-4ABC-AB54-60F320613907}.Release|x64.Build.0 = Release|Any CPU
		{7A6D3F7C-1181-4ABC-AB54-60F320613907}.Release|x86.ActiveCfg = Release|Any CPU
		{7A6D3F7C-1181-4ABC-AB54-60F320613907}.Release|x86.Build.0 = Release|Any CPU
	EndGlobalSection
	GlobalSection(SolutionProperties) = preSolution
		HideSolutionNode = FALSE
	EndGlobalSection
	GlobalSection(ExtensibilityGlobals) = postSolution
		SolutionGuid = {A6A2EE61-CE0E-41D3-86B0-E4BCB9D87D0F}
	EndGlobalSection
	GlobalSection(Performance) = preSolution
		HasPerformanceSessions = true
	EndGlobalSection
EndGlobal
